
Microsoft Visual Studio Solution File, Format Version 12.00
# Visual Studio 14
VisualStudioVersion = 14.0.25123.0
MinimumVisualStudioVersion = 10.0.40219.1
Project("{FAE04EC0-301F-11D3-BF4B-00C04F79EFBC}") = "AdminApp", "Admin\AdminApp.csproj", "{7540C77D-90F4-4E15-A5BE-CF492EB8001D}"
EndProject
Project("{FAE04EC0-301F-11D3-BF4B-00C04F79EFBC}") = "SharedClasses", "SharedClasses\SharedClasses.csproj", "{9C17E9B8-1E16-4E93-B871-C53A8FBB00AF}"
EndProject
Project("{2150E333-8FDC-42A3-9474-1A3956D46DE8}") = "Spikes", "Spikes", "{BD4860D1-A892-4A33-B11B-EA34B964A884}"
EndProject
Project("{2150E333-8FDC-42A3-9474-1A3956D46DE8}") = "Test", "Test", "{442A431B-D822-46D5-A251-DB8A004A8F6F}"
EndProject
Project("{FAE04EC0-301F-11D3-BF4B-00C04F79EFBC}") = "SocketTestA1", "SocketTestA1\SocketTestA1.csproj", "{56924195-C86A-4670-AA2C-3747E3F51F90}"
EndProject
Project("{FAE04EC0-301F-11D3-BF4B-00C04F79EFBC}") = "SpikeMySQLA1", "TestMySQLA1\SpikeMySQLA1.csproj", "{A7D01C67-A09A-49F9-B787-9C039123D2D7}"
EndProject
Project("{FAE04EC0-301F-11D3-BF4B-00C04F79EFBC}") = "Webserver", "Wenserver\Webserver.csproj", "{A9EC3DCC-F66D-40B7-A6B9-F50B928D54E4}"
EndProject
Project("{FAE04EC0-301F-11D3-BF4B-00C04F79EFBC}") = "SpikeServerSocket", "SpikeServerSocket\SpikeServerSocket.csproj", "{9D697DAB-8E64-4C33-B8B7-0D19C4E8E3F1}"
EndProject
Project("{FAE04EC0-301F-11D3-BF4B-00C04F79EFBC}") = "SpikeClientSocket", "SpikeClientSocket\SpikeClientSocket.csproj", "{F3D6E8DB-22A2-4CDC-99BF-CE5C326778A6}"
EndProject
Project("{FAE04EC0-301F-11D3-BF4B-00C04F79EFBC}") = "TestAdminClass", "TestAdminClass\TestAdminClass.csproj", "{CB057499-2BE3-42F1-A91D-8DE7AB9C3263}"
EndProject
Project("{FAE04EC0-301F-11D3-BF4B-00C04F79EFBC}") = "SpikeTCP_Client", "SpikeTCP_Client\SpikeTCP_Client.csproj", "{7B9B9361-E48B-46DE-AD41-55372DD02E6A}"
EndProject
Project("{FAE04EC0-301F-11D3-BF4B-00C04F79EFBC}") = "SpikeTCP_Server", "SpikeTCP_Server\SpikeTCP_Server.csproj", "{6411A9D2-51E4-4839-A3CA-1415755099D8}"
EndProject
Project("{FAE04EC0-301F-11D3-BF4B-00C04F79EFBC}") = "TestCompetition", "TestCompetition\TestCompetition.csproj", "{90D99C21-F35F-41FD-BF03-0F7CB6F657B2}"
EndProject
Project("{FAE04EC0-301F-11D3-BF4B-00C04F79EFBC}") = "JudgeApp", "JudgeApp\JudgeApp.csproj", "{0FCA6DBA-3CAF-4D29-813B-94AF45BE4938}"
EndProject
Project("{FAE04EC0-301F-11D3-BF4B-00C04F79EFBC}") = "TestTCP", "TestTCP\TestTCP.csproj", "{CE83AB3E-B118-49F2-B5C1-51F7E2FF98A3}"
EndProject
Project("{FAE04EC0-301F-11D3-BF4B-00C04F79EFBC}") = "JudgeTestApp", "JudgeTestApp\JudgeTestApp.csproj", "{4EF68655-C110-4B1A-837C-0AF62CC64F59}"
EndProject
Project("{FAE04EC0-301F-11D3-BF4B-00C04F79EFBC}") = "TCPServerTests", "TCPServerTests\TCPServerTests.csproj", "{1CCC4303-3916-4635-9EFD-5389887C83C6}"
EndProject
Project("{FAE04EC0-301F-11D3-BF4B-00C04F79EFBC}") = "SpikeLogging", "SpikeLogging\SpikeLogging.csproj", "{FB976342-B241-4DC3-B01B-6FCC8F19A3F0}"
EndProject
Global
	GlobalSection(SolutionConfigurationPlatforms) = preSolution
		Debug|Any CPU = Debug|Any CPU
		Debug|ARM = Debug|ARM
		Debug|x64 = Debug|x64
		Debug|x86 = Debug|x86
		Release|Any CPU = Release|Any CPU
		Release|ARM = Release|ARM
		Release|x64 = Release|x64
		Release|x86 = Release|x86
	EndGlobalSection
	GlobalSection(ProjectConfigurationPlatforms) = postSolution
		{7540C77D-90F4-4E15-A5BE-CF492EB8001D}.Debug|Any CPU.ActiveCfg = Debug|Any CPU
		{7540C77D-90F4-4E15-A5BE-CF492EB8001D}.Debug|Any CPU.Build.0 = Debug|Any CPU
		{7540C77D-90F4-4E15-A5BE-CF492EB8001D}.Debug|ARM.ActiveCfg = Debug|Any CPU
		{7540C77D-90F4-4E15-A5BE-CF492EB8001D}.Debug|ARM.Build.0 = Debug|Any CPU
		{7540C77D-90F4-4E15-A5BE-CF492EB8001D}.Debug|x64.ActiveCfg = Debug|Any CPU
		{7540C77D-90F4-4E15-A5BE-CF492EB8001D}.Debug|x64.Build.0 = Debug|Any CPU
		{7540C77D-90F4-4E15-A5BE-CF492EB8001D}.Debug|x86.ActiveCfg = Debug|Any CPU
		{7540C77D-90F4-4E15-A5BE-CF492EB8001D}.Debug|x86.Build.0 = Debug|Any CPU
		{7540C77D-90F4-4E15-A5BE-CF492EB8001D}.Release|Any CPU.ActiveCfg = Release|Any CPU
		{7540C77D-90F4-4E15-A5BE-CF492EB8001D}.Release|Any CPU.Build.0 = Release|Any CPU
		{7540C77D-90F4-4E15-A5BE-CF492EB8001D}.Release|ARM.ActiveCfg = Release|Any CPU
		{7540C77D-90F4-4E15-A5BE-CF492EB8001D}.Release|ARM.Build.0 = Release|Any CPU
		{7540C77D-90F4-4E15-A5BE-CF492EB8001D}.Release|x64.ActiveCfg = Release|Any CPU
		{7540C77D-90F4-4E15-A5BE-CF492EB8001D}.Release|x64.Build.0 = Release|Any CPU
		{7540C77D-90F4-4E15-A5BE-CF492EB8001D}.Release|x86.ActiveCfg = Release|Any CPU
		{7540C77D-90F4-4E15-A5BE-CF492EB8001D}.Release|x86.Build.0 = Release|Any CPU
		{9C17E9B8-1E16-4E93-B871-C53A8FBB00AF}.Debug|Any CPU.ActiveCfg = Debug|Any CPU
		{9C17E9B8-1E16-4E93-B871-C53A8FBB00AF}.Debug|Any CPU.Build.0 = Debug|Any CPU
		{9C17E9B8-1E16-4E93-B871-C53A8FBB00AF}.Debug|ARM.ActiveCfg = Debug|Any CPU
		{9C17E9B8-1E16-4E93-B871-C53A8FBB00AF}.Debug|ARM.Build.0 = Debug|Any CPU
		{9C17E9B8-1E16-4E93-B871-C53A8FBB00AF}.Debug|x64.ActiveCfg = Debug|Any CPU
		{9C17E9B8-1E16-4E93-B871-C53A8FBB00AF}.Debug|x64.Build.0 = Debug|Any CPU
		{9C17E9B8-1E16-4E93-B871-C53A8FBB00AF}.Debug|x86.ActiveCfg = Debug|Any CPU
		{9C17E9B8-1E16-4E93-B871-C53A8FBB00AF}.Debug|x86.Build.0 = Debug|Any CPU
		{9C17E9B8-1E16-4E93-B871-C53A8FBB00AF}.Release|Any CPU.ActiveCfg = Release|Any CPU
		{9C17E9B8-1E16-4E93-B871-C53A8FBB00AF}.Release|Any CPU.Build.0 = Release|Any CPU
		{9C17E9B8-1E16-4E93-B871-C53A8FBB00AF}.Release|ARM.ActiveCfg = Release|Any CPU
		{9C17E9B8-1E16-4E93-B871-C53A8FBB00AF}.Release|ARM.Build.0 = Release|Any CPU
		{9C17E9B8-1E16-4E93-B871-C53A8FBB00AF}.Release|x64.ActiveCfg = Release|Any CPU
		{9C17E9B8-1E16-4E93-B871-C53A8FBB00AF}.Release|x64.Build.0 = Release|Any CPU
		{9C17E9B8-1E16-4E93-B871-C53A8FBB00AF}.Release|x86.ActiveCfg = Release|Any CPU
		{9C17E9B8-1E16-4E93-B871-C53A8FBB00AF}.Release|x86.Build.0 = Release|Any CPU
		{56924195-C86A-4670-AA2C-3747E3F51F90}.Debug|Any CPU.ActiveCfg = Debug|Any CPU
		{56924195-C86A-4670-AA2C-3747E3F51F90}.Debug|Any CPU.Build.0 = Debug|Any CPU
		{56924195-C86A-4670-AA2C-3747E3F51F90}.Debug|ARM.ActiveCfg = Debug|Any CPU
		{56924195-C86A-4670-AA2C-3747E3F51F90}.Debug|ARM.Build.0 = Debug|Any CPU
		{56924195-C86A-4670-AA2C-3747E3F51F90}.Debug|x64.ActiveCfg = Debug|Any CPU
		{56924195-C86A-4670-AA2C-3747E3F51F90}.Debug|x64.Build.0 = Debug|Any CPU
		{56924195-C86A-4670-AA2C-3747E3F51F90}.Debug|x86.ActiveCfg = Debug|Any CPU
		{56924195-C86A-4670-AA2C-3747E3F51F90}.Debug|x86.Build.0 = Debug|Any CPU
		{56924195-C86A-4670-AA2C-3747E3F51F90}.Release|Any CPU.ActiveCfg = Release|Any CPU
		{56924195-C86A-4670-AA2C-3747E3F51F90}.Release|Any CPU.Build.0 = Release|Any CPU
		{56924195-C86A-4670-AA2C-3747E3F51F90}.Release|ARM.ActiveCfg = Release|Any CPU
		{56924195-C86A-4670-AA2C-3747E3F51F90}.Release|ARM.Build.0 = Release|Any CPU
		{56924195-C86A-4670-AA2C-3747E3F51F90}.Release|x64.ActiveCfg = Release|Any CPU
		{56924195-C86A-4670-AA2C-3747E3F51F90}.Release|x64.Build.0 = Release|Any CPU
		{56924195-C86A-4670-AA2C-3747E3F51F90}.Release|x86.ActiveCfg = Release|Any CPU
		{56924195-C86A-4670-AA2C-3747E3F51F90}.Release|x86.Build.0 = Release|Any CPU
		{A7D01C67-A09A-49F9-B787-9C039123D2D7}.Debug|Any CPU.ActiveCfg = Debug|Any CPU
		{A7D01C67-A09A-49F9-B787-9C039123D2D7}.Debug|Any CPU.Build.0 = Debug|Any CPU
		{A7D01C67-A09A-49F9-B787-9C039123D2D7}.Debug|ARM.ActiveCfg = Debug|Any CPU
		{A7D01C67-A09A-49F9-B787-9C039123D2D7}.Debug|ARM.Build.0 = Debug|Any CPU
		{A7D01C67-A09A-49F9-B787-9C039123D2D7}.Debug|x64.ActiveCfg = Debug|Any CPU
		{A7D01C67-A09A-49F9-B787-9C039123D2D7}.Debug|x64.Build.0 = Debug|Any CPU
		{A7D01C67-A09A-49F9-B787-9C039123D2D7}.Debug|x86.ActiveCfg = Debug|Any CPU
		{A7D01C67-A09A-49F9-B787-9C039123D2D7}.Debug|x86.Build.0 = Debug|Any CPU
		{A7D01C67-A09A-49F9-B787-9C039123D2D7}.Release|Any CPU.ActiveCfg = Release|Any CPU
		{A7D01C67-A09A-49F9-B787-9C039123D2D7}.Release|Any CPU.Build.0 = Release|Any CPU
		{A7D01C67-A09A-49F9-B787-9C039123D2D7}.Release|ARM.ActiveCfg = Release|Any CPU
		{A7D01C67-A09A-49F9-B787-9C039123D2D7}.Release|ARM.Build.0 = Release|Any CPU
		{A7D01C67-A09A-49F9-B787-9C039123D2D7}.Release|x64.ActiveCfg = Release|Any CPU
		{A7D01C67-A09A-49F9-B787-9C039123D2D7}.Release|x64.Build.0 = Release|Any CPU
		{A7D01C67-A09A-49F9-B787-9C039123D2D7}.Release|x86.ActiveCfg = Release|Any CPU
		{A7D01C67-A09A-49F9-B787-9C039123D2D7}.Release|x86.Build.0 = Release|Any CPU
		{A9EC3DCC-F66D-40B7-A6B9-F50B928D54E4}.Debug|Any CPU.ActiveCfg = Debug|Any CPU
		{A9EC3DCC-F66D-40B7-A6B9-F50B928D54E4}.Debug|Any CPU.Build.0 = Debug|Any CPU
		{A9EC3DCC-F66D-40B7-A6B9-F50B928D54E4}.Debug|ARM.ActiveCfg = Debug|Any CPU
		{A9EC3DCC-F66D-40B7-A6B9-F50B928D54E4}.Debug|ARM.Build.0 = Debug|Any CPU
		{A9EC3DCC-F66D-40B7-A6B9-F50B928D54E4}.Debug|x64.ActiveCfg = Debug|Any CPU
		{A9EC3DCC-F66D-40B7-A6B9-F50B928D54E4}.Debug|x64.Build.0 = Debug|Any CPU
		{A9EC3DCC-F66D-40B7-A6B9-F50B928D54E4}.Debug|x86.ActiveCfg = Debug|Any CPU
		{A9EC3DCC-F66D-40B7-A6B9-F50B928D54E4}.Debug|x86.Build.0 = Debug|Any CPU
		{A9EC3DCC-F66D-40B7-A6B9-F50B928D54E4}.Release|Any CPU.ActiveCfg = Release|Any CPU
		{A9EC3DCC-F66D-40B7-A6B9-F50B928D54E4}.Release|Any CPU.Build.0 = Release|Any CPU
		{A9EC3DCC-F66D-40B7-A6B9-F50B928D54E4}.Release|ARM.ActiveCfg = Release|Any CPU
		{A9EC3DCC-F66D-40B7-A6B9-F50B928D54E4}.Release|ARM.Build.0 = Release|Any CPU
		{A9EC3DCC-F66D-40B7-A6B9-F50B928D54E4}.Release|x64.ActiveCfg = Release|Any CPU
		{A9EC3DCC-F66D-40B7-A6B9-F50B928D54E4}.Release|x64.Build.0 = Release|Any CPU
		{A9EC3DCC-F66D-40B7-A6B9-F50B928D54E4}.Release|x86.ActiveCfg = Release|Any CPU
		{A9EC3DCC-F66D-40B7-A6B9-F50B928D54E4}.Release|x86.Build.0 = Release|Any CPU
		{9D697DAB-8E64-4C33-B8B7-0D19C4E8E3F1}.Debug|Any CPU.ActiveCfg = Debug|Any CPU
		{9D697DAB-8E64-4C33-B8B7-0D19C4E8E3F1}.Debug|Any CPU.Build.0 = Debug|Any CPU
		{9D697DAB-8E64-4C33-B8B7-0D19C4E8E3F1}.Debug|ARM.ActiveCfg = Debug|Any CPU
		{9D697DAB-8E64-4C33-B8B7-0D19C4E8E3F1}.Debug|ARM.Build.0 = Debug|Any CPU
		{9D697DAB-8E64-4C33-B8B7-0D19C4E8E3F1}.Debug|x64.ActiveCfg = Debug|Any CPU
		{9D697DAB-8E64-4C33-B8B7-0D19C4E8E3F1}.Debug|x64.Build.0 = Debug|Any CPU
		{9D697DAB-8E64-4C33-B8B7-0D19C4E8E3F1}.Debug|x86.ActiveCfg = Debug|Any CPU
		{9D697DAB-8E64-4C33-B8B7-0D19C4E8E3F1}.Debug|x86.Build.0 = Debug|Any CPU
		{9D697DAB-8E64-4C33-B8B7-0D19C4E8E3F1}.Release|Any CPU.ActiveCfg = Release|Any CPU
		{9D697DAB-8E64-4C33-B8B7-0D19C4E8E3F1}.Release|Any CPU.Build.0 = Release|Any CPU
		{9D697DAB-8E64-4C33-B8B7-0D19C4E8E3F1}.Release|ARM.ActiveCfg = Release|Any CPU
		{9D697DAB-8E64-4C33-B8B7-0D19C4E8E3F1}.Release|ARM.Build.0 = Release|Any CPU
		{9D697DAB-8E64-4C33-B8B7-0D19C4E8E3F1}.Release|x64.ActiveCfg = Release|Any CPU
		{9D697DAB-8E64-4C33-B8B7-0D19C4E8E3F1}.Release|x64.Build.0 = Release|Any CPU
		{9D697DAB-8E64-4C33-B8B7-0D19C4E8E3F1}.Release|x86.ActiveCfg = Release|Any CPU
		{9D697DAB-8E64-4C33-B8B7-0D19C4E8E3F1}.Release|x86.Build.0 = Release|Any CPU
		{F3D6E8DB-22A2-4CDC-99BF-CE5C326778A6}.Debug|Any CPU.ActiveCfg = Debug|Any CPU
		{F3D6E8DB-22A2-4CDC-99BF-CE5C326778A6}.Debug|Any CPU.Build.0 = Debug|Any CPU
		{F3D6E8DB-22A2-4CDC-99BF-CE5C326778A6}.Debug|ARM.ActiveCfg = Debug|Any CPU
		{F3D6E8DB-22A2-4CDC-99BF-CE5C326778A6}.Debug|ARM.Build.0 = Debug|Any CPU
		{F3D6E8DB-22A2-4CDC-99BF-CE5C326778A6}.Debug|x64.ActiveCfg = Debug|Any CPU
		{F3D6E8DB-22A2-4CDC-99BF-CE5C326778A6}.Debug|x64.Build.0 = Debug|Any CPU
		{F3D6E8DB-22A2-4CDC-99BF-CE5C326778A6}.Debug|x86.ActiveCfg = Debug|Any CPU
		{F3D6E8DB-22A2-4CDC-99BF-CE5C326778A6}.Debug|x86.Build.0 = Debug|Any CPU
		{F3D6E8DB-22A2-4CDC-99BF-CE5C326778A6}.Release|Any CPU.ActiveCfg = Release|Any CPU
		{F3D6E8DB-22A2-4CDC-99BF-CE5C326778A6}.Release|Any CPU.Build.0 = Release|Any CPU
		{F3D6E8DB-22A2-4CDC-99BF-CE5C326778A6}.Release|ARM.ActiveCfg = Release|Any CPU
		{F3D6E8DB-22A2-4CDC-99BF-CE5C326778A6}.Release|ARM.Build.0 = Release|Any CPU
		{F3D6E8DB-22A2-4CDC-99BF-CE5C326778A6}.Release|x64.ActiveCfg = Release|Any CPU
		{F3D6E8DB-22A2-4CDC-99BF-CE5C326778A6}.Release|x64.Build.0 = Release|Any CPU
		{F3D6E8DB-22A2-4CDC-99BF-CE5C326778A6}.Release|x86.ActiveCfg = Release|Any CPU
		{F3D6E8DB-22A2-4CDC-99BF-CE5C326778A6}.Release|x86.Build.0 = Release|Any CPU
		{CB057499-2BE3-42F1-A91D-8DE7AB9C3263}.Debug|Any CPU.ActiveCfg = Debug|Any CPU
		{CB057499-2BE3-42F1-A91D-8DE7AB9C3263}.Debug|Any CPU.Build.0 = Debug|Any CPU
		{CB057499-2BE3-42F1-A91D-8DE7AB9C3263}.Debug|ARM.ActiveCfg = Debug|Any CPU
		{CB057499-2BE3-42F1-A91D-8DE7AB9C3263}.Debug|ARM.Build.0 = Debug|Any CPU
		{CB057499-2BE3-42F1-A91D-8DE7AB9C3263}.Debug|x64.ActiveCfg = Debug|Any CPU
		{CB057499-2BE3-42F1-A91D-8DE7AB9C3263}.Debug|x64.Build.0 = Debug|Any CPU
		{CB057499-2BE3-42F1-A91D-8DE7AB9C3263}.Debug|x86.ActiveCfg = Debug|Any CPU
		{CB057499-2BE3-42F1-A91D-8DE7AB9C3263}.Debug|x86.Build.0 = Debug|Any CPU
		{CB057499-2BE3-42F1-A91D-8DE7AB9C3263}.Release|Any CPU.ActiveCfg = Release|Any CPU
		{CB057499-2BE3-42F1-A91D-8DE7AB9C3263}.Release|Any CPU.Build.0 = Release|Any CPU
		{CB057499-2BE3-42F1-A91D-8DE7AB9C3263}.Release|ARM.ActiveCfg = Release|Any CPU
		{CB057499-2BE3-42F1-A91D-8DE7AB9C3263}.Release|ARM.Build.0 = Release|Any CPU
		{CB057499-2BE3-42F1-A91D-8DE7AB9C3263}.Release|x64.ActiveCfg = Release|Any CPU
		{CB057499-2BE3-42F1-A91D-8DE7AB9C3263}.Release|x64.Build.0 = Release|Any CPU
		{CB057499-2BE3-42F1-A91D-8DE7AB9C3263}.Release|x86.ActiveCfg = Release|Any CPU
		{CB057499-2BE3-42F1-A91D-8DE7AB9C3263}.Release|x86.Build.0 = Release|Any CPU
		{7B9B9361-E48B-46DE-AD41-55372DD02E6A}.Debug|Any CPU.ActiveCfg = Debug|Any CPU
		{7B9B9361-E48B-46DE-AD41-55372DD02E6A}.Debug|Any CPU.Build.0 = Debug|Any CPU
		{7B9B9361-E48B-46DE-AD41-55372DD02E6A}.Debug|ARM.ActiveCfg = Debug|Any CPU
		{7B9B9361-E48B-46DE-AD41-55372DD02E6A}.Debug|ARM.Build.0 = Debug|Any CPU
		{7B9B9361-E48B-46DE-AD41-55372DD02E6A}.Debug|x64.ActiveCfg = Debug|Any CPU
		{7B9B9361-E48B-46DE-AD41-55372DD02E6A}.Debug|x64.Build.0 = Debug|Any CPU
		{7B9B9361-E48B-46DE-AD41-55372DD02E6A}.Debug|x86.ActiveCfg = Debug|Any CPU
		{7B9B9361-E48B-46DE-AD41-55372DD02E6A}.Debug|x86.Build.0 = Debug|Any CPU
		{7B9B9361-E48B-46DE-AD41-55372DD02E6A}.Release|Any CPU.ActiveCfg = Release|Any CPU
		{7B9B9361-E48B-46DE-AD41-55372DD02E6A}.Release|Any CPU.Build.0 = Release|Any CPU
		{7B9B9361-E48B-46DE-AD41-55372DD02E6A}.Release|ARM.ActiveCfg = Release|Any CPU
		{7B9B9361-E48B-46DE-AD41-55372DD02E6A}.Release|ARM.Build.0 = Release|Any CPU
		{7B9B9361-E48B-46DE-AD41-55372DD02E6A}.Release|x64.ActiveCfg = Release|Any CPU
		{7B9B9361-E48B-46DE-AD41-55372DD02E6A}.Release|x64.Build.0 = Release|Any CPU
		{7B9B9361-E48B-46DE-AD41-55372DD02E6A}.Release|x86.ActiveCfg = Release|Any CPU
		{7B9B9361-E48B-46DE-AD41-55372DD02E6A}.Release|x86.Build.0 = Release|Any CPU
		{6411A9D2-51E4-4839-A3CA-1415755099D8}.Debug|Any CPU.ActiveCfg = Debug|Any CPU
		{6411A9D2-51E4-4839-A3CA-1415755099D8}.Debug|Any CPU.Build.0 = Debug|Any CPU
		{6411A9D2-51E4-4839-A3CA-1415755099D8}.Debug|ARM.ActiveCfg = Debug|Any CPU
		{6411A9D2-51E4-4839-A3CA-1415755099D8}.Debug|ARM.Build.0 = Debug|Any CPU
		{6411A9D2-51E4-4839-A3CA-1415755099D8}.Debug|x64.ActiveCfg = Debug|Any CPU
		{6411A9D2-51E4-4839-A3CA-1415755099D8}.Debug|x64.Build.0 = Debug|Any CPU
		{6411A9D2-51E4-4839-A3CA-1415755099D8}.Debug|x86.ActiveCfg = Debug|Any CPU
		{6411A9D2-51E4-4839-A3CA-1415755099D8}.Debug|x86.Build.0 = Debug|Any CPU
		{6411A9D2-51E4-4839-A3CA-1415755099D8}.Release|Any CPU.ActiveCfg = Release|Any CPU
		{6411A9D2-51E4-4839-A3CA-1415755099D8}.Release|Any CPU.Build.0 = Release|Any CPU
		{6411A9D2-51E4-4839-A3CA-1415755099D8}.Release|ARM.ActiveCfg = Release|Any CPU
		{6411A9D2-51E4-4839-A3CA-1415755099D8}.Release|ARM.Build.0 = Release|Any CPU
		{6411A9D2-51E4-4839-A3CA-1415755099D8}.Release|x64.ActiveCfg = Release|Any CPU
		{6411A9D2-51E4-4839-A3CA-1415755099D8}.Release|x64.Build.0 = Release|Any CPU
		{6411A9D2-51E4-4839-A3CA-1415755099D8}.Release|x86.ActiveCfg = Release|Any CPU
		{6411A9D2-51E4-4839-A3CA-1415755099D8}.Release|x86.Build.0 = Release|Any CPU
		{90D99C21-F35F-41FD-BF03-0F7CB6F657B2}.Debug|Any CPU.ActiveCfg = Debug|Any CPU
		{90D99C21-F35F-41FD-BF03-0F7CB6F657B2}.Debug|Any CPU.Build.0 = Debug|Any CPU
		{90D99C21-F35F-41FD-BF03-0F7CB6F657B2}.Debug|ARM.ActiveCfg = Debug|Any CPU
		{90D99C21-F35F-41FD-BF03-0F7CB6F657B2}.Debug|ARM.Build.0 = Debug|Any CPU
		{90D99C21-F35F-41FD-BF03-0F7CB6F657B2}.Debug|x64.ActiveCfg = Debug|Any CPU
		{90D99C21-F35F-41FD-BF03-0F7CB6F657B2}.Debug|x64.Build.0 = Debug|Any CPU
		{90D99C21-F35F-41FD-BF03-0F7CB6F657B2}.Debug|x86.ActiveCfg = Debug|Any CPU
		{90D99C21-F35F-41FD-BF03-0F7CB6F657B2}.Debug|x86.Build.0 = Debug|Any CPU
		{90D99C21-F35F-41FD-BF03-0F7CB6F657B2}.Release|Any CPU.ActiveCfg = Release|Any CPU
		{90D99C21-F35F-41FD-BF03-0F7CB6F657B2}.Release|Any CPU.Build.0 = Release|Any CPU
		{90D99C21-F35F-41FD-BF03-0F7CB6F657B2}.Release|ARM.ActiveCfg = Release|Any CPU
		{90D99C21-F35F-41FD-BF03-0F7CB6F657B2}.Release|ARM.Build.0 = Release|Any CPU
		{90D99C21-F35F-41FD-BF03-0F7CB6F657B2}.Release|x64.ActiveCfg = Release|Any CPU
		{90D99C21-F35F-41FD-BF03-0F7CB6F657B2}.Release|x64.Build.0 = Release|Any CPU
		{90D99C21-F35F-41FD-BF03-0F7CB6F657B2}.Release|x86.ActiveCfg = Release|Any CPU
		{90D99C21-F35F-41FD-BF03-0F7CB6F657B2}.Release|x86.Build.0 = Release|Any CPU
		{0FCA6DBA-3CAF-4D29-813B-94AF45BE4938}.Debug|Any CPU.ActiveCfg = Debug|Any CPU
		{0FCA6DBA-3CAF-4D29-813B-94AF45BE4938}.Debug|Any CPU.Build.0 = Debug|Any CPU
		{0FCA6DBA-3CAF-4D29-813B-94AF45BE4938}.Debug|ARM.ActiveCfg = Debug|Any CPU
		{0FCA6DBA-3CAF-4D29-813B-94AF45BE4938}.Debug|ARM.Build.0 = Debug|Any CPU
		{0FCA6DBA-3CAF-4D29-813B-94AF45BE4938}.Debug|x64.ActiveCfg = Debug|Any CPU
		{0FCA6DBA-3CAF-4D29-813B-94AF45BE4938}.Debug|x64.Build.0 = Debug|Any CPU
		{0FCA6DBA-3CAF-4D29-813B-94AF45BE4938}.Debug|x86.ActiveCfg = Debug|Any CPU
		{0FCA6DBA-3CAF-4D29-813B-94AF45BE4938}.Debug|x86.Build.0 = Debug|Any CPU
		{0FCA6DBA-3CAF-4D29-813B-94AF45BE4938}.Release|Any CPU.ActiveCfg = Release|Any CPU
		{0FCA6DBA-3CAF-4D29-813B-94AF45BE4938}.Release|Any CPU.Build.0 = Release|Any CPU
		{0FCA6DBA-3CAF-4D29-813B-94AF45BE4938}.Release|ARM.ActiveCfg = Release|Any CPU
		{0FCA6DBA-3CAF-4D29-813B-94AF45BE4938}.Release|ARM.Build.0 = Release|Any CPU
		{0FCA6DBA-3CAF-4D29-813B-94AF45BE4938}.Release|x64.ActiveCfg = Release|Any CPU
		{0FCA6DBA-3CAF-4D29-813B-94AF45BE4938}.Release|x64.Build.0 = Release|Any CPU
		{0FCA6DBA-3CAF-4D29-813B-94AF45BE4938}.Release|x86.ActiveCfg = Release|Any CPU
		{0FCA6DBA-3CAF-4D29-813B-94AF45BE4938}.Release|x86.Build.0 = Release|Any CPU
		{CE83AB3E-B118-49F2-B5C1-51F7E2FF98A3}.Debug|Any CPU.ActiveCfg = Debug|Any CPU
		{CE83AB3E-B118-49F2-B5C1-51F7E2FF98A3}.Debug|Any CPU.Build.0 = Debug|Any CPU
		{CE83AB3E-B118-49F2-B5C1-51F7E2FF98A3}.Debug|ARM.ActiveCfg = Debug|Any CPU
		{CE83AB3E-B118-49F2-B5C1-51F7E2FF98A3}.Debug|ARM.Build.0 = Debug|Any CPU
		{CE83AB3E-B118-49F2-B5C1-51F7E2FF98A3}.Debug|x64.ActiveCfg = Debug|Any CPU
		{CE83AB3E-B118-49F2-B5C1-51F7E2FF98A3}.Debug|x64.Build.0 = Debug|Any CPU
		{CE83AB3E-B118-49F2-B5C1-51F7E2FF98A3}.Debug|x86.ActiveCfg = Debug|Any CPU
		{CE83AB3E-B118-49F2-B5C1-51F7E2FF98A3}.Debug|x86.Build.0 = Debug|Any CPU
		{CE83AB3E-B118-49F2-B5C1-51F7E2FF98A3}.Release|Any CPU.ActiveCfg = Release|Any CPU
		{CE83AB3E-B118-49F2-B5C1-51F7E2FF98A3}.Release|Any CPU.Build.0 = Release|Any CPU
		{CE83AB3E-B118-49F2-B5C1-51F7E2FF98A3}.Release|ARM.ActiveCfg = Release|Any CPU
		{CE83AB3E-B118-49F2-B5C1-51F7E2FF98A3}.Release|ARM.Build.0 = Release|Any CPU
		{CE83AB3E-B118-49F2-B5C1-51F7E2FF98A3}.Release|x64.ActiveCfg = Release|Any CPU
		{CE83AB3E-B118-49F2-B5C1-51F7E2FF98A3}.Release|x64.Build.0 = Release|Any CPU
		{CE83AB3E-B118-49F2-B5C1-51F7E2FF98A3}.Release|x86.ActiveCfg = Release|Any CPU
		{CE83AB3E-B118-49F2-B5C1-51F7E2FF98A3}.Release|x86.Build.0 = Release|Any CPU
		{4EF68655-C110-4B1A-837C-0AF62CC64F59}.Debug|Any CPU.ActiveCfg = Debug|Any CPU
		{4EF68655-C110-4B1A-837C-0AF62CC64F59}.Debug|Any CPU.Build.0 = Debug|Any CPU
		{4EF68655-C110-4B1A-837C-0AF62CC64F59}.Debug|ARM.ActiveCfg = Debug|Any CPU
		{4EF68655-C110-4B1A-837C-0AF62CC64F59}.Debug|ARM.Build.0 = Debug|Any CPU
		{4EF68655-C110-4B1A-837C-0AF62CC64F59}.Debug|x64.ActiveCfg = Debug|Any CPU
		{4EF68655-C110-4B1A-837C-0AF62CC64F59}.Debug|x64.Build.0 = Debug|Any CPU
		{4EF68655-C110-4B1A-837C-0AF62CC64F59}.Debug|x86.ActiveCfg = Debug|Any CPU
		{4EF68655-C110-4B1A-837C-0AF62CC64F59}.Debug|x86.Build.0 = Debug|Any CPU
		{4EF68655-C110-4B1A-837C-0AF62CC64F59}.Release|Any CPU.ActiveCfg = Release|Any CPU
		{4EF68655-C110-4B1A-837C-0AF62CC64F59}.Release|Any CPU.Build.0 = Release|Any CPU
		{4EF68655-C110-4B1A-837C-0AF62CC64F59}.Release|ARM.ActiveCfg = Release|Any CPU
		{4EF68655-C110-4B1A-837C-0AF62CC64F59}.Release|ARM.Build.0 = Release|Any CPU
		{4EF68655-C110-4B1A-837C-0AF62CC64F59}.Release|x64.ActiveCfg = Release|Any CPU
		{4EF68655-C110-4B1A-837C-0AF62CC64F59}.Release|x64.Build.0 = Release|Any CPU
		{4EF68655-C110-4B1A-837C-0AF62CC64F59}.Release|x86.ActiveCfg = Release|Any CPU
		{4EF68655-C110-4B1A-837C-0AF62CC64F59}.Release|x86.Build.0 = Release|Any CPU
		{1CCC4303-3916-4635-9EFD-5389887C83C6}.Debug|Any CPU.ActiveCfg = Debug|Any CPU
		{1CCC4303-3916-4635-9EFD-5389887C83C6}.Debug|Any CPU.Build.0 = Debug|Any CPU
		{1CCC4303-3916-4635-9EFD-5389887C83C6}.Debug|ARM.ActiveCfg = Debug|Any CPU
		{1CCC4303-3916-4635-9EFD-5389887C83C6}.Debug|ARM.Build.0 = Debug|Any CPU
		{1CCC4303-3916-4635-9EFD-5389887C83C6}.Debug|x64.ActiveCfg = Debug|Any CPU
		{1CCC4303-3916-4635-9EFD-5389887C83C6}.Debug|x64.Build.0 = Debug|Any CPU
		{1CCC4303-3916-4635-9EFD-5389887C83C6}.Debug|x86.ActiveCfg = Debug|Any CPU
		{1CCC4303-3916-4635-9EFD-5389887C83C6}.Debug|x86.Build.0 = Debug|Any CPU
		{1CCC4303-3916-4635-9EFD-5389887C83C6}.Release|Any CPU.ActiveCfg = Release|Any CPU
		{1CCC4303-3916-4635-9EFD-5389887C83C6}.Release|Any CPU.Build.0 = Release|Any CPU
		{1CCC4303-3916-4635-9EFD-5389887C83C6}.Release|ARM.ActiveCfg = Release|Any CPU
		{1CCC4303-3916-4635-9EFD-5389887C83C6}.Release|ARM.Build.0 = Release|Any CPU
		{1CCC4303-3916-4635-9EFD-5389887C83C6}.Release|x64.ActiveCfg = Release|Any CPU
		{1CCC4303-3916-4635-9EFD-5389887C83C6}.Release|x64.Build.0 = Release|Any CPU
		{1CCC4303-3916-4635-9EFD-5389887C83C6}.Release|x86.ActiveCfg = Release|Any CPU
		{1CCC4303-3916-4635-9EFD-5389887C83C6}.Release|x86.Build.0 = Release|Any CPU
		{FB976342-B241-4DC3-B01B-6FCC8F19A3F0}.Debug|Any CPU.ActiveCfg = Debug|Any CPU
		{FB976342-B241-4DC3-B01B-6FCC8F19A3F0}.Debug|Any CPU.Build.0 = Debug|Any CPU
		{FB976342-B241-4DC3-B01B-6FCC8F19A3F0}.Debug|ARM.ActiveCfg = Debug|Any CPU
		{FB976342-B241-4DC3-B01B-6FCC8F19A3F0}.Debug|ARM.Build.0 = Debug|Any CPU
		{FB976342-B241-4DC3-B01B-6FCC8F19A3F0}.Debug|x64.ActiveCfg = Debug|Any CPU
		{FB976342-B241-4DC3-B01B-6FCC8F19A3F0}.Debug|x64.Build.0 = Debug|Any CPU
		{FB976342-B241-4DC3-B01B-6FCC8F19A3F0}.Debug|x86.ActiveCfg = Debug|Any CPU
		{FB976342-B241-4DC3-B01B-6FCC8F19A3F0}.Debug|x86.Build.0 = Debug|Any CPU
		{FB976342-B241-4DC3-B01B-6FCC8F19A3F0}.Release|Any CPU.ActiveCfg = Release|Any CPU
		{FB976342-B241-4DC3-B01B-6FCC8F19A3F0}.Release|Any CPU.Build.0 = Release|Any CPU
		{FB976342-B241-4DC3-B01B-6FCC8F19A3F0}.Release|ARM.ActiveCfg = Release|Any CPU
		{FB976342-B241-4DC3-B01B-6FCC8F19A3F0}.Release|ARM.Build.0 = Release|Any CPU
		{FB976342-B241-4DC3-B01B-6FCC8F19A3F0}.Release|x64.ActiveCfg = Release|Any CPU
		{FB976342-B241-4DC3-B01B-6FCC8F19A3F0}.Release|x64.Build.0 = Release|Any CPU
		{FB976342-B241-4DC3-B01B-6FCC8F19A3F0}.Release|x86.ActiveCfg = Release|Any CPU
		{FB976342-B241-4DC3-B01B-6FCC8F19A3F0}.Release|x86.Build.0 = Release|Any CPU
	EndGlobalSection
	GlobalSection(SolutionProperties) = preSolution
		HideSolutionNode = FALSE
	EndGlobalSection
	GlobalSection(NestedProjects) = preSolution
		{56924195-C86A-4670-AA2C-3747E3F51F90} = {BD4860D1-A892-4A33-B11B-EA34B964A884}
		{A7D01C67-A09A-49F9-B787-9C039123D2D7} = {BD4860D1-A892-4A33-B11B-EA34B964A884}
		{A9EC3DCC-F66D-40B7-A6B9-F50B928D54E4} = {BD4860D1-A892-4A33-B11B-EA34B964A884}
		{9D697DAB-8E64-4C33-B8B7-0D19C4E8E3F1} = {BD4860D1-A892-4A33-B11B-EA34B964A884}
		{F3D6E8DB-22A2-4CDC-99BF-CE5C326778A6} = {BD4860D1-A892-4A33-B11B-EA34B964A884}
		{CB057499-2BE3-42F1-A91D-8DE7AB9C3263} = {442A431B-D822-46D5-A251-DB8A004A8F6F}
		{7B9B9361-E48B-46DE-AD41-55372DD02E6A} = {BD4860D1-A892-4A33-B11B-EA34B964A884}
		{6411A9D2-51E4-4839-A3CA-1415755099D8} = {BD4860D1-A892-4A33-B11B-EA34B964A884}
		{90D99C21-F35F-41FD-BF03-0F7CB6F657B2} = {442A431B-D822-46D5-A251-DB8A004A8F6F}
		{CE83AB3E-B118-49F2-B5C1-51F7E2FF98A3} = {442A431B-D822-46D5-A251-DB8A004A8F6F}
		{4EF68655-C110-4B1A-837C-0AF62CC64F59} = {BD4860D1-A892-4A33-B11B-EA34B964A884}
		{1CCC4303-3916-4635-9EFD-5389887C83C6} = {BD4860D1-A892-4A33-B11B-EA34B964A884}
		{FB976342-B241-4DC3-B01B-6FCC8F19A3F0} = {BD4860D1-A892-4A33-B11B-EA34B964A884}
	EndGlobalSection
EndGlobal
